
Microsoft Visual Studio Solution File, Format Version 12.00
# Visual Studio Version 17
VisualStudioVersion = 17.10.34928.147
MinimumVisualStudioVersion = 10.0.40219.1
Project("{FAE04EC0-301F-11D3-BF4B-00C04F79EFBC}") = "Assignment2NarminGurbanli01712456", "Assignment2NarminGurbanli01712456\Assignment2NarminGurbanli01712456.csproj", "{9F04DFA9-0205-472F-9FFD-88B11190592C}"
EndProject
Global
	GlobalSection(SolutionConfigurationPlatforms) = preSolution
		Debug|Any CPU = Debug|Any CPU
		Release|Any CPU = Release|Any CPU
	EndGlobalSection
	GlobalSection(ProjectConfigurationPlatforms) = postSolution
		{9F04DFA9-0205-472F-9FFD-88B11190592C}.Debug|Any CPU.ActiveCfg = Debug|Any CPU
		{9F04DFA9-0205-472F-9FFD-88B11190592C}.Debug|Any CPU.Build.0 = Debug|Any CPU
		{9F04DFA9-0205-472F-9FFD-88B11190592C}.Release|Any CPU.ActiveCfg = Release|Any CPU
		{9F04DFA9-0205-472F-9FFD-88B11190592C}.Release|Any CPU.Build.0 = Release|Any CPU
	EndGlobalSection
	GlobalSection(SolutionProperties) = preSolution
		HideSolutionNode = FALSE
	EndGlobalSection
	GlobalSection(ExtensibilityGlobals) = postSolution
		SolutionGuid = {FB72B39D-5332-48D4-837F-F50E19FBCD97}
	EndGlobalSection
EndGlobal
